// !$*UTF8*$!
{
	archiveVersion = 1;
	classes = {
	};
	objectVersion = 50;
	objects = {

/* Begin PBXBuildFile section */
		7BE401E021DD24A900D0F8E7 /* AppDelegate.swift in Sources */ = {isa = PBXBuildFile; fileRef = 7BE401DF21DD24A900D0F8E7 /* AppDelegate.swift */; };
		7BE401E221DD24A900D0F8E7 /* FirstViewController.swift in Sources */ = {isa = PBXBuildFile; fileRef = 7BE401E121DD24A900D0F8E7 /* FirstViewController.swift */; };
		7BE401E421DD24A900D0F8E7 /* SecondViewController.swift in Sources */ = {isa = PBXBuildFile; fileRef = 7BE401E321DD24A900D0F8E7 /* SecondViewController.swift */; };
		7BE401E721DD24A900D0F8E7 /* Main.storyboard in Resources */ = {isa = PBXBuildFile; fileRef = 7BE401E521DD24A900D0F8E7 /* Main.storyboard */; };
		7BE401E921DD24AA00D0F8E7 /* Assets.xcassets in Resources */ = {isa = PBXBuildFile; fileRef = 7BE401E821DD24AA00D0F8E7 /* Assets.xcassets */; };
		7BE401EC21DD24AA00D0F8E7 /* LaunchScreen.storyboard in Resources */ = {isa = PBXBuildFile; fileRef = 7BE401EA21DD24AA00D0F8E7 /* LaunchScreen.storyboard */; };
		7BE401F721DD24AA00D0F8E7 /* CountMe2Tests.swift in Sources */ = {isa = PBXBuildFile; fileRef = 7BE401F621DD24AA00D0F8E7 /* CountMe2Tests.swift */; };
		7BE4020221DD24AA00D0F8E7 /* CountMe2UITests.swift in Sources */ = {isa = PBXBuildFile; fileRef = 7BE4020121DD24AA00D0F8E7 /* CountMe2UITests.swift */; };
/* End PBXBuildFile section */

/* Begin PBXContainerItemProxy section */
		7BE401F321DD24AA00D0F8E7 /* PBXContainerItemProxy */ = {
			isa = PBXContainerItemProxy;
			containerPortal = 7BE401D421DD24A900D0F8E7 /* Project object */;
			proxyType = 1;
			remoteGlobalIDString = 7BE401DB21DD24A900D0F8E7;
			remoteInfo = CountMe2;
		};
		7BE401FE21DD24AA00D0F8E7 /* PBXContainerItemProxy */ = {
			isa = PBXContainerItemProxy;
			containerPortal = 7BE401D421DD24A900D0F8E7 /* Project object */;
			proxyType = 1;
			remoteGlobalIDString = 7BE401DB21DD24A900D0F8E7;
			remoteInfo = CountMe2;
		};
/* End PBXContainerItemProxy section */

/* Begin PBXFileReference section */
		7BE401DC21DD24A900D0F8E7 /* CountMe2.app */ = {isa = PBXFileReference; explicitFileType = wrapper.application; includeInIndex = 0; path = CountMe2.app; sourceTree = BUILT_PRODUCTS_DIR; };
		7BE401DF21DD24A900D0F8E7 /* AppDelegate.swift */ = {isa = PBXFileReference; lastKnownFileType = sourcecode.swift; path = AppDelegate.swift; sourceTree = "<group>"; };
		7BE401E121DD24A900D0F8E7 /* FirstViewController.swift */ = {isa = PBXFileReference; lastKnownFileType = sourcecode.swift; path = FirstViewController.swift; sourceTree = "<group>"; };
		7BE401E321DD24A900D0F8E7 /* SecondViewController.swift */ = {isa = PBXFileReference; lastKnownFileType = sourcecode.swift; path = SecondViewController.swift; sourceTree = "<group>"; };
		7BE401E621DD24A900D0F8E7 /* Base */ = {isa = PBXFileReference; lastKnownFileType = file.storyboard; name = Base; path = Base.lproj/Main.storyboard; sourceTree = "<group>"; };
		7BE401E821DD24AA00D0F8E7 /* Assets.xcassets */ = {isa = PBXFileReference; lastKnownFileType = folder.assetcatalog; path = Assets.xcassets; sourceTree = "<group>"; };
		7BE401EB21DD24AA00D0F8E7 /* Base */ = {isa = PBXFileReference; lastKnownFileType = file.storyboard; name = Base; path = Base.lproj/LaunchScreen.storyboard; sourceTree = "<group>"; };
		7BE401ED21DD24AA00D0F8E7 /* Info.plist */ = {isa = PBXFileReference; lastKnownFileType = text.plist.xml; path = Info.plist; sourceTree = "<group>"; };
		7BE401F221DD24AA00D0F8E7 /* CountMe2Tests.xctest */ = {isa = PBXFileReference; explicitFileType = wrapper.cfbundle; includeInIndex = 0; path = CountMe2Tests.xctest; sourceTree = BUILT_PRODUCTS_DIR; };
		7BE401F621DD24AA00D0F8E7 /* CountMe2Tests.swift */ = {isa = PBXFileReference; lastKnownFileType = sourcecode.swift; path = CountMe2Tests.swift; sourceTree = "<group>"; };
		7BE401F821DD24AA00D0F8E7 /* Info.plist */ = {isa = PBXFileReference; lastKnownFileType = text.plist.xml; path = Info.plist; sourceTree = "<group>"; };
		7BE401FD21DD24AA00D0F8E7 /* CountMe2UITests.xctest */ = {isa = PBXFileReference; explicitFileType = wrapper.cfbundle; includeInIndex = 0; path = CountMe2UITests.xctest; sourceTree = BUILT_PRODUCTS_DIR; };
		7BE4020121DD24AA00D0F8E7 /* CountMe2UITests.swift */ = {isa = PBXFileReference; lastKnownFileType = sourcecode.swift; path = CountMe2UITests.swift; sourceTree = "<group>"; };
		7BE4020321DD24AA00D0F8E7 /* Info.plist */ = {isa = PBXFileReference; lastKnownFileType = text.plist.xml; path = Info.plist; sourceTree = "<group>"; };
/* End PBXFileReference section */

/* Begin PBXFrameworksBuildPhase section */
		7BE401D921DD24A900D0F8E7 /* Frameworks */ = {
			isa = PBXFrameworksBuildPhase;
			buildActionMask = 2147483647;
			files = (
			);
			runOnlyForDeploymentPostprocessing = 0;
		};
		7BE401EF21DD24AA00D0F8E7 /* Frameworks */ = {
			isa = PBXFrameworksBuildPhase;
			buildActionMask = 2147483647;
			files = (
			);
			runOnlyForDeploymentPostprocessing = 0;
		};
		7BE401FA21DD24AA00D0F8E7 /* Frameworks */ = {
			isa = PBXFrameworksBuildPhase;
			buildActionMask = 2147483647;
			files = (
			);
			runOnlyForDeploymentPostprocessing = 0;
		};
/* End PBXFrameworksBuildPhase section */

/* Begin PBXGroup section */
		7BE401D321DD24A900D0F8E7 = {
			isa = PBXGroup;
			children = (
				7BE401DE21DD24A900D0F8E7 /* CountMe2 */,
				7BE401F521DD24AA00D0F8E7 /* CountMe2Tests */,
				7BE4020021DD24AA00D0F8E7 /* CountMe2UITests */,
				7BE401DD21DD24A900D0F8E7 /* Products */,
			);
			sourceTree = "<group>";
		};
		7BE401DD21DD24A900D0F8E7 /* Products */ = {
			isa = PBXGroup;
			children = (
				7BE401DC21DD24A900D0F8E7 /* CountMe2.app */,
				7BE401F221DD24AA00D0F8E7 /* CountMe2Tests.xctest */,
				7BE401FD21DD24AA00D0F8E7 /* CountMe2UITests.xctest */,
			);
			name = Products;
			sourceTree = "<group>";
		};
		7BE401DE21DD24A900D0F8E7 /* CountMe2 */ = {
			isa = PBXGroup;
			children = (
				7BE401DF21DD24A900D0F8E7 /* AppDelegate.swift */,
				7BE401E121DD24A900D0F8E7 /* FirstViewController.swift */,
				7BE401E321DD24A900D0F8E7 /* SecondViewController.swift */,
				7BE401E521DD24A900D0F8E7 /* Main.storyboard */,
				7BE401E821DD24AA00D0F8E7 /* Assets.xcassets */,
				7BE401EA21DD24AA00D0F8E7 /* LaunchScreen.storyboard */,
				7BE401ED21DD24AA00D0F8E7 /* Info.plist */,
			);
			path = CountMe2;
			sourceTree = "<group>";
		};
		7BE401F521DD24AA00D0F8E7 /* CountMe2Tests */ = {
			isa = PBXGroup;
			children = (
				7BE401F621DD24AA00D0F8E7 /* CountMe2Tests.swift */,
				7BE401F821DD24AA00D0F8E7 /* Info.plist */,
			);
			path = CountMe2Tests;
			sourceTree = "<group>";
		};
		7BE4020021DD24AA00D0F8E7 /* CountMe2UITests */ = {
			isa = PBXGroup;
			children = (
				7BE4020121DD24AA00D0F8E7 /* CountMe2UITests.swift */,
				7BE4020321DD24AA00D0F8E7 /* Info.plist */,
			);
			path = CountMe2UITests;
			sourceTree = "<group>";
		};
/* End PBXGroup section */

/* Begin PBXNativeTarget section */
		7BE401DB21DD24A900D0F8E7 /* CountMe2 */ = {
			isa = PBXNativeTarget;
			buildConfigurationList = 7BE4020621DD24AA00D0F8E7 /* Build configuration list for PBXNativeTarget "CountMe2" */;
			buildPhases = (
				7BE401D821DD24A900D0F8E7 /* Sources */,
				7BE401D921DD24A900D0F8E7 /* Frameworks */,
				7BE401DA21DD24A900D0F8E7 /* Resources */,
			);
			buildRules = (
			);
			dependencies = (
			);
			name = CountMe2;
			productName = CountMe2;
			productReference = 7BE401DC21DD24A900D0F8E7 /* CountMe2.app */;
			productType = "com.apple.product-type.application";
		};
		7BE401F121DD24AA00D0F8E7 /* CountMe2Tests */ = {
			isa = PBXNativeTarget;
			buildConfigurationList = 7BE4020921DD24AA00D0F8E7 /* Build configuration list for PBXNativeTarget "CountMe2Tests" */;
			buildPhases = (
				7BE401EE21DD24AA00D0F8E7 /* Sources */,
				7BE401EF21DD24AA00D0F8E7 /* Frameworks */,
				7BE401F021DD24AA00D0F8E7 /* Resources */,
			);
			buildRules = (
			);
			dependencies = (
				7BE401F421DD24AA00D0F8E7 /* PBXTargetDependency */,
			);
			name = CountMe2Tests;
			productName = CountMe2Tests;
			productReference = 7BE401F221DD24AA00D0F8E7 /* CountMe2Tests.xctest */;
			productType = "com.apple.product-type.bundle.unit-test";
		};
		7BE401FC21DD24AA00D0F8E7 /* CountMe2UITests */ = {
			isa = PBXNativeTarget;
			buildConfigurationList = 7BE4020C21DD24AA00D0F8E7 /* Build configuration list for PBXNativeTarget "CountMe2UITests" */;
			buildPhases = (
				7BE401F921DD24AA00D0F8E7 /* Sources */,
				7BE401FA21DD24AA00D0F8E7 /* Frameworks */,
				7BE401FB21DD24AA00D0F8E7 /* Resources */,
			);
			buildRules = (
			);
			dependencies = (
				7BE401FF21DD24AA00D0F8E7 /* PBXTargetDependency */,
			);
			name = CountMe2UITests;
			productName = CountMe2UITests;
			productReference = 7BE401FD21DD24AA00D0F8E7 /* CountMe2UITests.xctest */;
			productType = "com.apple.product-type.bundle.ui-testing";
		};
/* End PBXNativeTarget section */

/* Begin PBXProject section */
		7BE401D421DD24A900D0F8E7 /* Project object */ = {
			isa = PBXProject;
			attributes = {
				LastSwiftUpdateCheck = 1010;
				LastUpgradeCheck = 1010;
				ORGANIZATIONNAME = District196.org;
				TargetAttributes = {
					7BE401DB21DD24A900D0F8E7 = {
						CreatedOnToolsVersion = 10.1;
					};
					7BE401F121DD24AA00D0F8E7 = {
						CreatedOnToolsVersion = 10.1;
						TestTargetID = 7BE401DB21DD24A900D0F8E7;
					};
					7BE401FC21DD24AA00D0F8E7 = {
						CreatedOnToolsVersion = 10.1;
						TestTargetID = 7BE401DB21DD24A900D0F8E7;
					};
				};
			};
			buildConfigurationList = 7BE401D721DD24A900D0F8E7 /* Build configuration list for PBXProject "CountMe2" */;
			compatibilityVersion = "Xcode 9.3";
			developmentRegion = en;
			hasScannedForEncodings = 0;
			knownRegions = (
				en,
				Base,
			);
			mainGroup = 7BE401D321DD24A900D0F8E7;
			productRefGroup = 7BE401DD21DD24A900D0F8E7 /* Products */;
			projectDirPath = "";
			projectRoot = "";
			targets = (
				7BE401DB21DD24A900D0F8E7 /* CountMe2 */,
				7BE401F121DD24AA00D0F8E7 /* CountMe2Tests */,
				7BE401FC21DD24AA00D0F8E7 /* CountMe2UITests */,
			);
		};
/* End PBXProject section */

/* Begin PBXResourcesBuildPhase section */
		7BE401DA21DD24A900D0F8E7 /* Resources */ = {
			isa = PBXResourcesBuildPhase;
			buildActionMask = 2147483647;
			files = (
				7BE401EC21DD24AA00D0F8E7 /* LaunchScreen.storyboard in Resources */,
				7BE401E921DD24AA00D0F8E7 /* Assets.xcassets in Resources */,
				7BE401E721DD24A900D0F8E7 /* Main.storyboard in Resources */,
			);
			runOnlyForDeploymentPostprocessing = 0;
		};
		7BE401F021DD24AA00D0F8E7 /* Resources */ = {
			isa = PBXResourcesBuildPhase;
			buildActionMask = 2147483647;
			files = (
			);
			runOnlyForDeploymentPostprocessing = 0;
		};
		7BE401FB21DD24AA00D0F8E7 /* Resources */ = {
			isa = PBXResourcesBuildPhase;
			buildActionMask = 2147483647;
			files = (
			);
			runOnlyForDeploymentPostprocessing = 0;
		};
/* End PBXResourcesBuildPhase section */

/* Begin PBXSourcesBuildPhase section */
		7BE401D821DD24A900D0F8E7 /* Sources */ = {
			isa = PBXSourcesBuildPhase;
			buildActionMask = 2147483647;
			files = (
				7BE401E421DD24A900D0F8E7 /* SecondViewController.swift in Sources */,
				7BE401E021DD24A900D0F8E7 /* AppDelegate.swift in Sources */,
				7BE401E221DD24A900D0F8E7 /* FirstViewController.swift in Sources */,
			);
			runOnlyForDeploymentPostprocessing = 0;
		};
		7BE401EE21DD24AA00D0F8E7 /* Sources */ = {
			isa = PBXSourcesBuildPhase;
			buildActionMask = 2147483647;
			files = (
				7BE401F721DD24AA00D0F8E7 /* CountMe2Tests.swift in Sources */,
			);
			runOnlyForDeploymentPostprocessing = 0;
		};
		7BE401F921DD24AA00D0F8E7 /* Sources */ = {
			isa = PBXSourcesBuildPhase;
			buildActionMask = 2147483647;
			files = (
				7BE4020221DD24AA00D0F8E7 /* CountMe2UITests.swift in Sources */,
			);
			runOnlyForDeploymentPostprocessing = 0;
		};
/* End PBXSourcesBuildPhase section */

/* Begin PBXTargetDependency section */
		7BE401F421DD24AA00D0F8E7 /* PBXTargetDependency */ = {
			isa = PBXTargetDependency;
			target = 7BE401DB21DD24A900D0F8E7 /* CountMe2 */;
			targetProxy = 7BE401F321DD24AA00D0F8E7 /* PBXContainerItemProxy */;
		};
		7BE401FF21DD24AA00D0F8E7 /* PBXTargetDependency */ = {
			isa = PBXTargetDependency;
			target = 7BE401DB21DD24A900D0F8E7 /* CountMe2 */;
			targetProxy = 7BE401FE21DD24AA00D0F8E7 /* PBXContainerItemProxy */;
		};
/* End PBXTargetDependency section */

/* Begin PBXVariantGroup section */
		7BE401E521DD24A900D0F8E7 /* Main.storyboard */ = {
			isa = PBXVariantGroup;
			children = (
				7BE401E621DD24A900D0F8E7 /* Base */,
			);
			name = Main.storyboard;
			sourceTree = "<group>";
		};
		7BE401EA21DD24AA00D0F8E7 /* LaunchScreen.storyboard */ = {
			isa = PBXVariantGroup;
			children = (
				7BE401EB21DD24AA00D0F8E7 /* Base */,
			);
			name = LaunchScreen.storyboard;
			sourceTree = "<group>";
		};
/* End PBXVariantGroup section */

/* Begin XCBuildConfiguration section */
		7BE4020421DD24AA00D0F8E7 /* Debug */ = {
			isa = XCBuildConfiguration;
			buildSettings = {
				ALWAYS_SEARCH_USER_PATHS = NO;
				CLANG_ANALYZER_NONNULL = YES;
				CLANG_ANALYZER_NUMBER_OBJECT_CONVERSION = YES_AGGRESSIVE;
				CLANG_CXX_LANGUAGE_STANDARD = "gnu++14";
				CLANG_CXX_LIBRARY = "libc++";
				CLANG_ENABLE_MODULES = YES;
				CLANG_ENABLE_OBJC_ARC = YES;
				CLANG_ENABLE_OBJC_WEAK = YES;
				CLANG_WARN_BLOCK_CAPTURE_AUTORELEASING = YES;
				CLANG_WARN_BOOL_CONVERSION = YES;
				CLANG_WARN_COMMA = YES;
				CLANG_WARN_CONSTANT_CONVERSION = YES;
				CLANG_WARN_DEPRECATED_OBJC_IMPLEMENTATIONS = YES;
				CLANG_WARN_DIRECT_OBJC_ISA_USAGE = YES_ERROR;
				CLANG_WARN_DOCUMENTATION_COMMENTS = YES;
				CLANG_WARN_EMPTY_BODY = YES;
				CLANG_WARN_ENUM_CONVERSION = YES;
				CLANG_WARN_INFINITE_RECURSION = YES;
				CLANG_WARN_INT_CONVERSION = YES;
				CLANG_WARN_NON_LITERAL_NULL_CONVERSION = YES;
				CLANG_WARN_OBJC_IMPLICIT_RETAIN_SELF = YES;
				CLANG_WARN_OBJC_LITERAL_CONVERSION = YES;
				CLANG_WARN_OBJC_ROOT_CLASS = YES_ERROR;
				CLANG_WARN_RANGE_LOOP_ANALYSIS = YES;
				CLANG_WARN_STRICT_PROTOTYPES = YES;
				CLANG_WARN_SUSPICIOUS_MOVE = YES;
				CLANG_WARN_UNGUARDED_AVAILABILITY = YES_AGGRESSIVE;
				CLANG_WARN_UNREACHABLE_CODE = YES;
				CLANG_WARN__DUPLICATE_METHOD_MATCH = YES;
				CODE_SIGN_IDENTITY = "iPhone Developer";
				COPY_PHASE_STRIP = NO;
				DEBUG_INFORMATION_FORMAT = dwarf;
				ENABLE_STRICT_OBJC_MSGSEND = YES;
				ENABLE_TESTABILITY = YES;
				GCC_C_LANGUAGE_STANDARD = gnu11;
				GCC_DYNAMIC_NO_PIC = NO;
				GCC_NO_COMMON_BLOCKS = YES;
				GCC_OPTIMIZATION_LEVEL = 0;
				GCC_PREPROCESSOR_DEFINITIONS = (
					"DEBUG=1",
					"$(inherited)",
				);
				GCC_WARN_64_TO_32_BIT_CONVERSION = YES;
				GCC_WARN_ABOUT_RETURN_TYPE = YES_ERROR;
				GCC_WARN_UNDECLARED_SELECTOR = YES;
				GCC_WARN_UNINITIALIZED_AUTOS = YES_AGGRESSIVE;
				GCC_WARN_UNUSED_FUNCTION = YES;
				GCC_WARN_UNUSED_VARIABLE = YES;
				IPHONEOS_DEPLOYMENT_TARGET = 12.1;
				MTL_ENABLE_DEBUG_INFO = INCLUDE_SOURCE;
				MTL_FAST_MATH = YES;
				ONLY_ACTIVE_ARCH = YES;
				SDKROOT = iphoneos;
				SWIFT_ACTIVE_COMPILATION_CONDITIONS = DEBUG;
				SWIFT_OPTIMIZATION_LEVEL = "-Onone";
			};
			name = Debug;
		};
		7BE4020521DD24AA00D0F8E7 /* Release */ = {
			isa = XCBuildConfiguration;
			buildSettings = {
				ALWAYS_SEARCH_USER_PATHS = NO;
				CLANG_ANALYZER_NONNULL = YES;
				CLANG_ANALYZER_NUMBER_OBJECT_CONVERSION = YES_AGGRESSIVE;
				CLANG_CXX_LANGUAGE_STANDARD = "gnu++14";
				CLANG_CXX_LIBRARY = "libc++";
				CLANG_ENABLE_MODULES = YES;
				CLANG_ENABLE_OBJC_ARC = YES;
				CLANG_ENABLE_OBJC_WEAK = YES;
				CLANG_WARN_BLOCK_CAPTURE_AUTORELEASING = YES;
				CLANG_WARN_BOOL_CONVERSION = YES;
				CLANG_WARN_COMMA = YES;
				CLANG_WARN_CONSTANT_CONVERSION = YES;
				CLANG_WARN_DEPRECATED_OBJC_IMPLEMENTATIONS = YES;
				CLANG_WARN_DIRECT_OBJC_ISA_USAGE = YES_ERROR;
				CLANG_WARN_DOCUMENTATION_COMMENTS = YES;
				CLANG_WARN_EMPTY_BODY = YES;
				CLANG_WARN_ENUM_CONVERSION = YES;
				CLANG_WARN_INFINITE_RECURSION = YES;
				CLANG_WARN_INT_CONVERSION = YES;
				CLANG_WARN_NON_LITERAL_NULL_CONVERSION = YES;
				CLANG_WARN_OBJC_IMPLICIT_RETAIN_SELF = YES;
				CLANG_WARN_OBJC_LITERAL_CONVERSION = YES;
				CLANG_WARN_OBJC_ROOT_CLASS = YES_ERROR;
				CLANG_WARN_RANGE_LOOP_ANALYSIS = YES;
				CLANG_WARN_STRICT_PROTOTYPES = YES;
				CLANG_WARN_SUSPICIOUS_MOVE = YES;
				CLANG_WARN_UNGUARDED_AVAILABILITY = YES_AGGRESSIVE;
				CLANG_WARN_UNREACHABLE_CODE = YES;
				CLANG_WARN__DUPLICATE_METHOD_MATCH = YES;
				CODE_SIGN_IDENTITY = "iPhone Developer";
				COPY_PHASE_STRIP = NO;
				DEBUG_INFORMATION_FORMAT = "dwarf-with-dsym";
				ENABLE_NS_ASSERTIONS = NO;
				ENABLE_STRICT_OBJC_MSGSEND = YES;
				GCC_C_LANGUAGE_STANDARD = gnu11;
				GCC_NO_COMMON_BLOCKS = YES;
				GCC_WARN_64_TO_32_BIT_CONVERSION = YES;
				GCC_WARN_ABOUT_RETURN_TYPE = YES_ERROR;
				GCC_WARN_UNDECLARED_SELECTOR = YES;
				GCC_WARN_UNINITIALIZED_AUTOS = YES_AGGRESSIVE;
				GCC_WARN_UNUSED_FUNCTION = YES;
				GCC_WARN_UNUSED_VARIABLE = YES;
				IPHONEOS_DEPLOYMENT_TARGET = 12.1;
				MTL_ENABLE_DEBUG_INFO = NO;
				MTL_FAST_MATH = YES;
				SDKROOT = iphoneos;
				SWIFT_COMPILATION_MODE = wholemodule;
				SWIFT_OPTIMIZATION_LEVEL = "-O";
				VALIDATE_PRODUCT = YES;
			};
			name = Release;
		};
		7BE4020721DD24AA00D0F8E7 /* Debug */ = {
			isa = XCBuildConfiguration;
			buildSettings = {
				ASSETCATALOG_COMPILER_APPICON_NAME = AppIcon;
				CODE_SIGN_STYLE = Automatic;
				INFOPLIST_FILE = CountMe2/Info.plist;
				LD_RUNPATH_SEARCH_PATHS = (
					"$(inherited)",
					"@executable_path/Frameworks",
				);
				PRODUCT_BUNDLE_IDENTIFIER = org.district196.CountMe2;
				PRODUCT_NAME = "$(TARGET_NAME)";
				SWIFT_VERSION = 4.2;
				TARGETED_DEVICE_FAMILY = "1,2";
			};
			name = Debug;
		};
		7BE4020821DD24AA00D0F8E7 /* Release */ = {
			isa = XCBuildConfiguration;
			buildSettings = {
				ASSETCATALOG_COMPILER_APPICON_NAME = AppIcon;
				CODE_SIGN_STYLE = Automatic;
				INFOPLIST_FILE = CountMe2/Info.plist;
				LD_RUNPATH_SEARCH_PATHS = (
					"$(inherited)",
					"@executable_path/Frameworks",
				);
				PRODUCT_BUNDLE_IDENTIFIER = org.district196.CountMe2;
				PRODUCT_NAME = "$(TARGET_NAME)";
				SWIFT_VERSION = 4.2;
				TARGETED_DEVICE_FAMILY = "1,2";
			};
			name = Release;
		};
		7BE4020A21DD24AA00D0F8E7 /* Debug */ = {
			isa = XCBuildConfiguration;
			buildSettings = {
				ALWAYS_EMBED_SWIFT_STANDARD_LIBRARIES = YES;
				BUNDLE_LOADER = "$(TEST_HOST)";
				CODE_SIGN_STYLE = Automatic;
				INFOPLIST_FILE = CountMe2Tests/Info.plist;
				LD_RUNPATH_SEARCH_PATHS = (
					"$(inherited)",
					"@executable_path/Frameworks",
					"@loader_path/Frameworks",
				);
				PRODUCT_BUNDLE_IDENTIFIER = org.district196.CountMe2Tests;
				PRODUCT_NAME = "$(TARGET_NAME)";
				SWIFT_VERSION = 4.2;
				TARGETED_DEVICE_FAMILY = "1,2";
				TEST_HOST = "$(BUILT_PRODUCTS_DIR)/CountMe2.app/CountMe2";
			};
			name = Debug;
		};
		7BE4020B21DD24AA00D0F8E7 /* Release */ = {
			isa = XCBuildConfiguration;
			buildSettings = {
				ALWAYS_EMBED_SWIFT_STANDARD_LIBRARIES = YES;
				BUNDLE_LOADER = "$(TEST_HOST)";
				CODE_SIGN_STYLE = Automatic;
				INFOPLIST_FILE = CountMe2Tests/Info.plist;
				LD_RUNPATH_SEARCH_PATHS = (
					"$(inherited)",
					"@executable_path/Frameworks",
					"@loader_path/Frameworks",
				);
				PRODUCT_BUNDLE_IDENTIFIER = org.district196.CountMe2Tests;
				PRODUCT_NAME = "$(TARGET_NAME)";
				SWIFT_VERSION = 4.2;
				TARGETED_DEVICE_FAMILY = "1,2";
				TEST_HOST = "$(BUILT_PRODUCTS_DIR)/CountMe2.app/CountMe2";
			};
			name = Release;
		};
		7BE4020D21DD24AA00D0F8E7 /* Debug */ = {
			isa = XCBuildConfiguration;
			buildSettings = {
				ALWAYS_EMBED_SWIFT_STANDARD_LIBRARIES = YES;
				CODE_SIGN_STYLE = Automatic;
				INFOPLIST_FILE = CountMe2UITests/Info.plist;
				LD_RUNPATH_SEARCH_PATHS = (
					"$(inherited)",
					"@executable_path/Frameworks",
					"@loader_path/Frameworks",
				);
				PRODUCT_BUNDLE_IDENTIFIER = org.district196.CountMe2UITests;
				PRODUCT_NAME = "$(TARGET_NAME)";
				SWIFT_VERSION = 4.2;
				TARGETED_DEVICE_FAMILY = "1,2";
				TEST_TARGET_NAME = CountMe2;
			};
			name = Debug;
		};
		7BE4020E21DD24AA00D0F8E7 /* Release */ = {
			isa = XCBuildConfiguration;
			buildSettings = {
				ALWAYS_EMBED_SWIFT_STANDARD_LIBRARIES = YES;
				CODE_SIGN_STYLE = Automatic;
				INFOPLIST_FILE = CountMe2UITests/Info.plist;
				LD_RUNPATH_SEARCH_PATHS = (
					"$(inherited)",
					"@executable_path/Frameworks",
					"@loader_path/Frameworks",
				);
				PRODUCT_BUNDLE_IDENTIFIER = org.district196.CountMe2UITests;
				PRODUCT_NAME = "$(TARGET_NAME)";
				SWIFT_VERSION = 4.2;
				TARGETED_DEVICE_FAMILY = "1,2";
				TEST_TARGET_NAME = CountMe2;
			};
			name = Release;
		};
/* End XCBuildConfiguration section */

/* Begin XCConfigurationList section */
		7BE401D721DD24A900D0F8E7 /* Build configuration list for PBXProject "CountMe2" */ = {
			isa = XCConfigurationList;
			buildConfigurations = (
				7BE4020421DD24AA00D0F8E7 /* Debug */,
				7BE4020521DD24AA00D0F8E7 /* Release */,
			);
			defaultConfigurationIsVisible = 0;
			defaultConfigurationName = Release;
		};
		7BE4020621DD24AA00D0F8E7 /* Build configuration list for PBXNativeTarget "CountMe2" */ = {
			isa = XCConfigurationList;
			buildConfigurations = (
				7BE4020721DD24AA00D0F8E7 /* Debug */,
				7BE4020821DD24AA00D0F8E7 /* Release */,
			);
			defaultConfigurationIsVisible = 0;
			defaultConfigurationName = Release;
		};
		7BE4020921DD24AA00D0F8E7 /* Build configuration list for PBXNativeTarget "CountMe2Tests" */ = {
			isa = XCConfigurationList;
			buildConfigurations = (
				7BE4020A21DD24AA00D0F8E7 /* Debug */,
				7BE4020B21DD24AA00D0F8E7 /* Release */,
			);
			defaultConfigurationIsVisible = 0;
			defaultConfigurationName = Release;
		};
		7BE4020C21DD24AA00D0F8E7 /* Build configuration list for PBXNativeTarget "CountMe2UITests" */ = {
			isa = XCConfigurationList;
			buildConfigurations = (
				7BE4020D21DD24AA00D0F8E7 /* Debug */,
				7BE4020E21DD24AA00D0F8E7 /* Release */,
			);
			defaultConfigurationIsVisible = 0;
			defaultConfigurationName = Release;
		};
/* End XCConfigurationList section */
	};
	rootObject = 7BE401D421DD24A900D0F8E7 /* Project object */;
}
